// !$*UTF8*$!
{
	archiveVersion = 1;
	classes = {
	};
	objectVersion = 46;
	objects = {

/* Begin PBXBuildFile section */
		02088BA7C3CC6DBD7EE4B8AC /* AXWindowDriver.m in Sources */ = {isa = PBXBuildFile; fileRef = 270DACA314094B9E0080DFBD /* AXWindowDriver.m */; };
		024CD59CE08CFF7F56169F06 /* GTMLogger.m in Sources */ = {isa = PBXBuildFile; fileRef = 270DACA814098AE30080DFBD /* GTMLogger.m */; };
		0485BAEC56AF6085C3666C4E /* SRRecorderControl.m in Sources */ = {isa = PBXBuildFile; fileRef = 0EBE5B39D302152640F71FF5 /* SRRecorderControl.m */; };
		0E6F52C3883555CCA7E379DB /* FMTError.m in Sources */ = {isa = PBXBuildFile; fileRef = E4BCF6EB42F45803C08BAC36 /* FMTError.m */; };
		156A097B01E7851007A2376B /* SRRecorderCell.m in Sources */ = {isa = PBXBuildFile; fileRef = AAF7AF1AB609F1053F67A078 /* SRRecorderCell.m */; };
		18382D4DBDCF838EE60ECD21 /* SRCommon.m in Sources */ = {isa = PBXBuildFile; fileRef = 8ED3641F41C363B936ADB912 /* SRCommon.m */; };
		1C39E9FA4356CDE55AE8ACFD /* SRKeyCodeTransformer.m in Sources */ = {isa = PBXBuildFile; fileRef = 273DF6F491570B50583C4079 /* SRKeyCodeTransformer.m */; };
		1DDD58160DA1D0A300B32029 /* MainMenu.xib in Resources */ = {isa = PBXBuildFile; fileRef = 1DDD58140DA1D0A300B32029 /* MainMenu.xib */; };
		238BC5430AA79512E980AFA6 /* SRRecorderCell.m in Sources */ = {isa = PBXBuildFile; fileRef = AAF7AF1AB609F1053F67A078 /* SRRecorderCell.m */; };
		256AC3DA0F4B6AC300CF3369 /* ShiftItAppDelegate.m in Sources */ = {isa = PBXBuildFile; fileRef = 256AC3D90F4B6AC300CF3369 /* ShiftItAppDelegate.m */; };
		2708BF121260E5BB00192883 /* DefaultShiftItActions.m in Sources */ = {isa = PBXBuildFile; fileRef = 2708BF111260E5BB00192883 /* DefaultShiftItActions.m */; };
		270DACA414094B9E0080DFBD /* AXWindowDriver.m in Sources */ = {isa = PBXBuildFile; fileRef = 270DACA314094B9E0080DFBD /* AXWindowDriver.m */; };
		270DACA914098AE30080DFBD /* GTMLogger.m in Sources */ = {isa = PBXBuildFile; fileRef = 270DACA814098AE30080DFBD /* GTMLogger.m */; };
		27160C4A16C939FF002DA475 /* InfoPlist.strings in Resources */ = {isa = PBXBuildFile; fileRef = 089C165CFE840E0CC02AAC07 /* InfoPlist.strings */; };
		27160C4B16C939FF002DA475 /* MainMenu.xib in Resources */ = {isa = PBXBuildFile; fileRef = 1DDD58140DA1D0A300B32029 /* MainMenu.xib */; };
		27160C4E16C939FF002DA475 /* ShiftIt.icns in Resources */ = {isa = PBXBuildFile; fileRef = 83E55ED4125A5FCF00FC49BF /* ShiftIt.icns */; };
		27160C4F16C939FF002DA475 /* ShiftIt-defaults.plist in Resources */ = {isa = PBXBuildFile; fileRef = 27A14EBF1269EC1500E68263 /* ShiftIt-defaults.plist */; };
		27160C5016C939FF002DA475 /* margin-background-image.png in Resources */ = {isa = PBXBuildFile; fileRef = 271D2EB912FC6B3A00A4D0BF /* margin-background-image.png */; };
		27160C5416C939FF002DA475 /* main.m in Sources */ = {isa = PBXBuildFile; fileRef = 29B97316FDCFA39411CA2CEA /* main.m */; settings = {ATTRIBUTES = (); }; };
		27160C5516C939FF002DA475 /* ShiftItAppDelegate.m in Sources */ = {isa = PBXBuildFile; fileRef = 256AC3D90F4B6AC300CF3369 /* ShiftItAppDelegate.m */; };
		27160C5616C939FF002DA475 /* SIWindowManager.m in Sources */ = {isa = PBXBuildFile; fileRef = F2DC61241127ACDE000E1A5B /* SIWindowManager.m */; };
		27160C5716C939FF002DA475 /* PreferencesWindowController.m in Sources */ = {isa = PBXBuildFile; fileRef = F2520B631133874D00DB826F /* PreferencesWindowController.m */; };
		27160C5816C939FF002DA475 /* DefaultShiftItActions.m in Sources */ = {isa = PBXBuildFile; fileRef = 2708BF111260E5BB00192883 /* DefaultShiftItActions.m */; };
		27160C5916C939FF002DA475 /* FMTHotKey.m in Sources */ = {isa = PBXBuildFile; fileRef = 27F4FD4612730F2F00A65750 /* FMTHotKey.m */; };
		27160C5A16C939FF002DA475 /* FMTHotKey+SRKeyCombo.m in Sources */ = {isa = PBXBuildFile; fileRef = 27F4FD4812730F2F00A65750 /* FMTHotKey+SRKeyCombo.m */; };
		27160C5B16C939FF002DA475 /* FMTHotKeyManager.m in Sources */ = {isa = PBXBuildFile; fileRef = 27F4FD4A12730F2F00A65750 /* FMTHotKeyManager.m */; };
		27160C5C16C939FF002DA475 /* FMTLoginItems.m in Sources */ = {isa = PBXBuildFile; fileRef = 27F4FD5312730F4600A65750 /* FMTLoginItems.m */; };
		27160C5D16C939FF002DA475 /* FMTUtils.m in Sources */ = {isa = PBXBuildFile; fileRef = 27F4FD5512730F4600A65750 /* FMTUtils.m */; };
		27160C5E16C939FF002DA475 /* AXWindowDriver.m in Sources */ = {isa = PBXBuildFile; fileRef = 270DACA314094B9E0080DFBD /* AXWindowDriver.m */; };
		27160C5F16C939FF002DA475 /* GTMLogger.m in Sources */ = {isa = PBXBuildFile; fileRef = 270DACA814098AE30080DFBD /* GTMLogger.m */; };
		27160C6016C939FF002DA475 /* FMTNSDictionary+Extras.m in Sources */ = {isa = PBXBuildFile; fileRef = 27C072E0140D6B9E00C4E199 /* FMTNSDictionary+Extras.m */; };
		27160C6116C939FF002DA475 /* FMTNSDate+Extras.m in Sources */ = {isa = PBXBuildFile; fileRef = 27C072E3140D981E00C4E199 /* FMTNSDate+Extras.m */; };
		27160C6216C939FF002DA475 /* WindowGeometryShiftItAction.m in Sources */ = {isa = PBXBuildFile; fileRef = 2743F1AA140F048B00C23A67 /* WindowGeometryShiftItAction.m */; };
		27160C6316C939FF002DA475 /* SIScreen.m in Sources */ = {isa = PBXBuildFile; fileRef = F2DC61EF1127C862000E1A5C /* SIScreen.m */; };
		27160C6416C939FF002DA475 /* SIAdjacentRectangles.m in Sources */ = {isa = PBXBuildFile; fileRef = F2DC61EF1127C862000E1A5F /* SIAdjacentRectangles.m */; };
		27160C6516C939FF002DA475 /* FMTNSArray+Functional.m in Sources */ = {isa = PBXBuildFile; fileRef = 2717BE36149935EB0012EF87 /* FMTNSArray+Functional.m */; };
		27160C6616C939FF002DA475 /* FMTNSError+Extras.m in Sources */ = {isa = PBXBuildFile; fileRef = 2717BE38149935EC0012EF87 /* FMTNSError+Extras.m */; };
		27160C6716C939FF002DA475 /* FMTGeometry.m in Sources */ = {isa = PBXBuildFile; fileRef = F2DC61EF1127C862000E1A67 /* FMTGeometry.m */; };
		27160C6816C939FF002DA475 /* FMTNSFileManager+DirectoryLocations.m in Sources */ = {isa = PBXBuildFile; fileRef = F2DC61EF1127C862000E1A6C /* FMTNSFileManager+DirectoryLocations.m */; };
		27160C6C16C939FF002DA475 /* Carbon.framework in Frameworks */ = {isa = PBXBuildFile; fileRef = F2DC61EE1127C862000E1A5B /* Carbon.framework */; };
		27160C6D16C939FF002DA475 /* Cocoa.framework in Frameworks */ = {isa = PBXBuildFile; fileRef = 1058C7A1FEA54F0111CA2CBB /* Cocoa.framework */; };
		2717BE39149935EC0012EF87 /* FMTNSArray+Functional.m in Sources */ = {isa = PBXBuildFile; fileRef = 2717BE36149935EB0012EF87 /* FMTNSArray+Functional.m */; };
		2717BE3B149935EC0012EF87 /* FMTNSError+Extras.m in Sources */ = {isa = PBXBuildFile; fileRef = 2717BE38149935EC0012EF87 /* FMTNSError+Extras.m */; };
		271D2EBB12FC6B3A00A4D0BF /* margin-background-image.png in Resources */ = {isa = PBXBuildFile; fileRef = 271D2EB912FC6B3A00A4D0BF /* margin-background-image.png */; };
		2743F1AB140F048B00C23A67 /* WindowGeometryShiftItAction.m in Sources */ = {isa = PBXBuildFile; fileRef = 2743F1AA140F048B00C23A67 /* WindowGeometryShiftItAction.m */; };
		27904A531460C6C300E5AEAD /* X11WindowDriver.m in Sources */ = {isa = PBXBuildFile; fileRef = 27F4687D141C2238001209F6 /* X11WindowDriver.m */; };
		27A14EC01269EC1500E68263 /* ShiftIt-defaults.plist in Resources */ = {isa = PBXBuildFile; fileRef = 27A14EBF1269EC1500E68263 /* ShiftIt-defaults.plist */; };
		27C072E1140D6B9E00C4E199 /* FMTNSDictionary+Extras.m in Sources */ = {isa = PBXBuildFile; fileRef = 27C072E0140D6B9E00C4E199 /* FMTNSDictionary+Extras.m */; };
		27C072E4140D981E00C4E199 /* FMTNSDate+Extras.m in Sources */ = {isa = PBXBuildFile; fileRef = 27C072E3140D981E00C4E199 /* FMTNSDate+Extras.m */; };
		27CD1A3019437FB20063D5AB /* ShiftItMenuIcon.png in Resources */ = {isa = PBXBuildFile; fileRef = 27CD1A2E19437FB20063D5AB /* ShiftItMenuIcon.png */; };
		27CD1A3119437FB20063D5AB /* ShiftItMenuIcon.png in Resources */ = {isa = PBXBuildFile; fileRef = 27CD1A2E19437FB20063D5AB /* ShiftItMenuIcon.png */; };
		27F4FD4B12730F2F00A65750 /* FMTHotKey.m in Sources */ = {isa = PBXBuildFile; fileRef = 27F4FD4612730F2F00A65750 /* FMTHotKey.m */; };
		27F4FD4C12730F2F00A65750 /* FMTHotKey+SRKeyCombo.m in Sources */ = {isa = PBXBuildFile; fileRef = 27F4FD4812730F2F00A65750 /* FMTHotKey+SRKeyCombo.m */; };
		27F4FD4D12730F2F00A65750 /* FMTHotKeyManager.m in Sources */ = {isa = PBXBuildFile; fileRef = 27F4FD4A12730F2F00A65750 /* FMTHotKeyManager.m */; };
		27F4FD5612730F4600A65750 /* FMTLoginItems.m in Sources */ = {isa = PBXBuildFile; fileRef = 27F4FD5312730F4600A65750 /* FMTLoginItems.m */; };
		27F4FD5712730F4600A65750 /* FMTUtils.m in Sources */ = {isa = PBXBuildFile; fileRef = 27F4FD5512730F4600A65750 /* FMTUtils.m */; };
		2BDB1A9D0F119B1230259D26 /* FMTNSDate+Extras.m in Sources */ = {isa = PBXBuildFile; fileRef = 27C072E3140D981E00C4E199 /* FMTNSDate+Extras.m */; };
		342E14277F898B0C783CD102 /* WindowGeometryShiftItAction.m in Sources */ = {isa = PBXBuildFile; fileRef = 2743F1AA140F048B00C23A67 /* WindowGeometryShiftItAction.m */; };
		3D99A755D38F57AE599F756F /* ServiceManagement.framework in Frameworks */ = {isa = PBXBuildFile; fileRef = FE2A5E5B4F3EB7FC6335443E /* ServiceManagement.framework */; };
		4B92F1EC4D296B46B727FC89 /* SIAdjacentRectangles.m in Sources */ = {isa = PBXBuildFile; fileRef = F2DC61EF1127C862000E1A5F /* SIAdjacentRectangles.m */; };
		5EA3410E3EC8CA1F4CFA2FB2 /* PreferencesWindowController.m in Sources */ = {isa = PBXBuildFile; fileRef = F2520B631133874D00DB826F /* PreferencesWindowController.m */; };
		622B1F1AF1B91C7957ECFEE2 /* SRKeyCodeTransformer.m in Sources */ = {isa = PBXBuildFile; fileRef = 273DF6F491570B50583C4079 /* SRKeyCodeTransformer.m */; };
		626711523F02C4893A8DB591 /* SIScreen.m in Sources */ = {isa = PBXBuildFile; fileRef = F2DC61EF1127C862000E1A5C /* SIScreen.m */; };
		6510B087FE625D234FF9E4CA /* Carbon.framework in Frameworks */ = {isa = PBXBuildFile; fileRef = B032696B4ABE7E99AFDBE601 /* Carbon.framework */; };
		660B0D67FE31F9514CBB66FD /* SRCommon.m in Sources */ = {isa = PBXBuildFile; fileRef = 8ED3641F41C363B936ADB912 /* SRCommon.m */; };
		6CB560AB287FE0E205398E80 /* FMTNSError+Extras.m in Sources */ = {isa = PBXBuildFile; fileRef = 2717BE38149935EC0012EF87 /* FMTNSError+Extras.m */; };
		6CF14E8286BC403AE26A63BC /* SRRecorderControl.m in Sources */ = {isa = PBXBuildFile; fileRef = 0EBE5B39D302152640F71FF5 /* SRRecorderControl.m */; };
		6EDC1B09ADE77702B2CF4050 /* Cocoa.framework in Frameworks */ = {isa = PBXBuildFile; fileRef = 5DB990A79D4B4450A22E7408 /* Cocoa.framework */; };
		6FE1D1CDB084BCE663F7BC99 /* SIAdjacentRectanglesTest.m in Sources */ = {isa = PBXBuildFile; fileRef = EAF1AC50D1A577928A999D2E /* SIAdjacentRectanglesTest.m */; };
		714DC7A7293DE874BFE576A2 /* FMTHotKeyManager.m in Sources */ = {isa = PBXBuildFile; fileRef = 27F4FD4A12730F2F00A65750 /* FMTHotKeyManager.m */; };
		7FADE3EB214B8976C3E5B26B /* SIWindowManager.m in Sources */ = {isa = PBXBuildFile; fileRef = F2DC61241127ACDE000E1A5B /* SIWindowManager.m */; };
		83E55ED6125A5FCF00FC49BF /* ShiftIt.icns in Resources */ = {isa = PBXBuildFile; fileRef = 83E55ED4125A5FCF00FC49BF /* ShiftIt.icns */; };
		883BF9539C1B473D8F576DC6 /* FMTHotKey+SRKeyCombo.m in Sources */ = {isa = PBXBuildFile; fileRef = 27F4FD4812730F2F00A65750 /* FMTHotKey+SRKeyCombo.m */; };
		8D11072B0486CEB800E47090 /* InfoPlist.strings in Resources */ = {isa = PBXBuildFile; fileRef = 089C165CFE840E0CC02AAC07 /* InfoPlist.strings */; };
		8D11072D0486CEB800E47090 /* main.m in Sources */ = {isa = PBXBuildFile; fileRef = 29B97316FDCFA39411CA2CEA /* main.m */; settings = {ATTRIBUTES = (); }; };
		8D11072F0486CEB800E47090 /* Cocoa.framework in Frameworks */ = {isa = PBXBuildFile; fileRef = 1058C7A1FEA54F0111CA2CBB /* Cocoa.framework */; };
		8E615BAFE2C055F0F7204557 /* ServiceManagement.framework in Frameworks */ = {isa = PBXBuildFile; fileRef = FE2A5E5B4F3EB7FC6335443E /* ServiceManagement.framework */; };
		975C0C597C170E4578F5DA7B /* FMTGeometry.m in Sources */ = {isa = PBXBuildFile; fileRef = F2DC61EF1127C862000E1A67 /* FMTGeometry.m */; };
		97955A85FEE1909382C09CAF /* FMTHotKeyTests.m in Sources */ = {isa = PBXBuildFile; fileRef = C2E60D9DF481A10136553872 /* FMTHotKeyTests.m */; };
		9938CF8A7C2F0FB29243AA97 /* SRValidator.m in Sources */ = {isa = PBXBuildFile; fileRef = EA12F424356159D97E4CB021 /* SRValidator.m */; };
		AD4E83D4574958DF8534564C /* DefaultShiftItActions.m in Sources */ = {isa = PBXBuildFile; fileRef = 2708BF111260E5BB00192883 /* DefaultShiftItActions.m */; };
		AF9FF049A817F3C7B16345A0 /* SRCommon.m in Sources */ = {isa = PBXBuildFile; fileRef = 8ED3641F41C363B936ADB912 /* SRCommon.m */; };
		B40B3BE54D75412CC481F355 /* SRValidator.m in Sources */ = {isa = PBXBuildFile; fileRef = EA12F424356159D97E4CB021 /* SRValidator.m */; };
		B71582AAD126E7CBBD057EF6 /* SRKeyCodeTransformer.m in Sources */ = {isa = PBXBuildFile; fileRef = 273DF6F491570B50583C4079 /* SRKeyCodeTransformer.m */; };
		BAF633A0130707CEB5424B12 /* ShiftItActionGeometryTests.m in Sources */ = {isa = PBXBuildFile; fileRef = DAE17B90A48D4072171A83CE /* ShiftItActionGeometryTests.m */; };
		BDB7E357602D59CB5B66365F /* FMTLoginItems.m in Sources */ = {isa = PBXBuildFile; fileRef = 27F4FD5312730F4600A65750 /* FMTLoginItems.m */; };
		C1F0975314D8F9047B60A468 /* FMTNSFileManager+DirectoryLocations.m in Sources */ = {isa = PBXBuildFile; fileRef = F2DC61EF1127C862000E1A6C /* FMTNSFileManager+DirectoryLocations.m */; };
		C72628E1B7E9AF71E84F2CA8 /* FMTNSArray+Functional.m in Sources */ = {isa = PBXBuildFile; fileRef = 2717BE36149935EB0012EF87 /* FMTNSArray+Functional.m */; };
		C77D7704EB55E8513F0CCB6C /* ShiftItAppDelegate.m in Sources */ = {isa = PBXBuildFile; fileRef = 256AC3D90F4B6AC300CF3369 /* ShiftItAppDelegate.m */; };
		CA0A5412194C02ED00AC7F45 /* PreferencesWindow.xib in Resources */ = {isa = PBXBuildFile; fileRef = CA0A5410194C02ED00AC7F45 /* PreferencesWindow.xib */; };
		CA0A5415194C030700AC7F45 /* Localizable.strings in Resources */ = {isa = PBXBuildFile; fileRef = CA0A5413194C030700AC7F45 /* Localizable.strings */; };
		CA0DE0037CA8C990E111BDFA /* FMTHotKey.m in Sources */ = {isa = PBXBuildFile; fileRef = 27F4FD4612730F2F00A65750 /* FMTHotKey.m */; };
		CA17834FB2885ED7AB716190 /* FMTNSDictionary+Extras.m in Sources */ = {isa = PBXBuildFile; fileRef = 27C072E0140D6B9E00C4E199 /* FMTNSDictionary+Extras.m */; };
		CEDBD24B19576F1900CB5F35 /* PreferencesWindow.xib in Resources */ = {isa = PBXBuildFile; fileRef = CA0A5410194C02ED00AC7F45 /* PreferencesWindow.xib */; };
		E02995C4B335387A36CCC96F /* SRRecorderCell.m in Sources */ = {isa = PBXBuildFile; fileRef = AAF7AF1AB609F1053F67A078 /* SRRecorderCell.m */; };
		E47AB71D648B826B580A8E65 /* ServiceManagement.framework in Frameworks */ = {isa = PBXBuildFile; fileRef = FE2A5E5B4F3EB7FC6335443E /* ServiceManagement.framework */; };
		E4BCF1FFDFE5D8200B19C785 /* FMTError.m in Sources */ = {isa = PBXBuildFile; fileRef = E4BCF6EB42F45803C08BAC36 /* FMTError.m */; };
		E4BCF238FB8ED2BD310B85A5 /* FMTError.m in Sources */ = {isa = PBXBuildFile; fileRef = E4BCF6EB42F45803C08BAC36 /* FMTError.m */; };
		E806821A22F38F436220CA2B /* FMTGeometryTests.m in Sources */ = {isa = PBXBuildFile; fileRef = 5C5F8019018CB3F1F890164D /* FMTGeometryTests.m */; };
		F2520B641133874D00DB826F /* PreferencesWindowController.m in Sources */ = {isa = PBXBuildFile; fileRef = F2520B631133874D00DB826F /* PreferencesWindowController.m */; };
		F2DC61251127ACDE000E1A5B /* SIWindowManager.m in Sources */ = {isa = PBXBuildFile; fileRef = F2DC61241127ACDE000E1A5B /* SIWindowManager.m */; };
		F2DC61EF1127C862000E1A5B /* Carbon.framework in Frameworks */ = {isa = PBXBuildFile; fileRef = F2DC61EE1127C862000E1A5B /* Carbon.framework */; };
		F2DC61EF1127C862000E1A5D /* SIScreen.m in Sources */ = {isa = PBXBuildFile; fileRef = F2DC61EF1127C862000E1A5C /* SIScreen.m */; };
		F2DC61EF1127C862000E1A60 /* SIAdjacentRectangles.m in Sources */ = {isa = PBXBuildFile; fileRef = F2DC61EF1127C862000E1A5F /* SIAdjacentRectangles.m */; };
		F2DC61EF1127C862000E1A68 /* FMTGeometry.m in Sources */ = {isa = PBXBuildFile; fileRef = F2DC61EF1127C862000E1A67 /* FMTGeometry.m */; };
		F2DC61EF1127C862000E1A6D /* FMTNSFileManager+DirectoryLocations.m in Sources */ = {isa = PBXBuildFile; fileRef = F2DC61EF1127C862000E1A6C /* FMTNSFileManager+DirectoryLocations.m */; };
		F72386AF499D7EBC93606949 /* SRRecorderControl.m in Sources */ = {isa = PBXBuildFile; fileRef = 0EBE5B39D302152640F71FF5 /* SRRecorderControl.m */; };
		FAAFEC6BCAF534B47BBEFBDA /* FMTUtils.m in Sources */ = {isa = PBXBuildFile; fileRef = 27F4FD5512730F4600A65750 /* FMTUtils.m */; };
		FC122FFF0D51FBE95DEE7302 /* SRValidator.m in Sources */ = {isa = PBXBuildFile; fileRef = EA12F424356159D97E4CB021 /* SRValidator.m */; };
/* End PBXBuildFile section */

/* Begin PBXFileReference section */
		0EBE5B39D302152640F71FF5 /* SRRecorderControl.m */ = {isa = PBXFileReference; includeInIndex = 1; lastKnownFileType = sourcecode.c.objc; path = SRRecorderControl.m; sourceTree = "<group>"; };
		1058C7A1FEA54F0111CA2CBB /* Cocoa.framework */ = {isa = PBXFileReference; lastKnownFileType = wrapper.framework; name = Cocoa.framework; path = /System/Library/Frameworks/Cocoa.framework; sourceTree = "<absolute>"; };
		1E4280310D33EFB1B1C97082 /* SRRecorderControl.h */ = {isa = PBXFileReference; includeInIndex = 1; lastKnownFileType = sourcecode.c.h; path = SRRecorderControl.h; sourceTree = "<group>"; };
		256AC3D80F4B6AC300CF3369 /* ShiftItAppDelegate.h */ = {isa = PBXFileReference; fileEncoding = 4; lastKnownFileType = sourcecode.c.h; path = ShiftItAppDelegate.h; sourceTree = "<group>"; };
		256AC3D90F4B6AC300CF3369 /* ShiftItAppDelegate.m */ = {isa = PBXFileReference; fileEncoding = 4; lastKnownFileType = sourcecode.c.objc; path = ShiftItAppDelegate.m; sourceTree = "<group>"; };
		256AC3F00F4B6AF500CF3369 /* ShiftIt_Prefix.pch */ = {isa = PBXFileReference; fileEncoding = 4; lastKnownFileType = sourcecode.c.h; path = ShiftIt_Prefix.pch; sourceTree = "<group>"; };
		2708BF101260E5BB00192883 /* DefaultShiftItActions.h */ = {isa = PBXFileReference; fileEncoding = 4; lastKnownFileType = sourcecode.c.h; path = DefaultShiftItActions.h; sourceTree = "<group>"; };
		2708BF111260E5BB00192883 /* DefaultShiftItActions.m */ = {isa = PBXFileReference; fileEncoding = 4; lastKnownFileType = sourcecode.c.objc; path = DefaultShiftItActions.m; sourceTree = "<group>"; };
		2708C2551261C8E800192883 /* ShiftItApp.h */ = {isa = PBXFileReference; fileEncoding = 4; lastKnownFileType = sourcecode.c.h; path = ShiftItApp.h; sourceTree = "<group>"; };
		270DACA214094B9E0080DFBD /* AXWindowDriver.h */ = {isa = PBXFileReference; fileEncoding = 4; lastKnownFileType = sourcecode.c.h; path = AXWindowDriver.h; sourceTree = "<group>"; };
		270DACA314094B9E0080DFBD /* AXWindowDriver.m */ = {isa = PBXFileReference; fileEncoding = 4; lastKnownFileType = sourcecode.c.objc; path = AXWindowDriver.m; sourceTree = "<group>"; };
		270DACA614098AE30080DFBD /* GTMGarbageCollection.h */ = {isa = PBXFileReference; fileEncoding = 4; lastKnownFileType = sourcecode.c.h; name = GTMGarbageCollection.h; path = GTM/GTMGarbageCollection.h; sourceTree = "<group>"; };
		270DACA714098AE30080DFBD /* GTMLogger.h */ = {isa = PBXFileReference; fileEncoding = 4; lastKnownFileType = sourcecode.c.h; name = GTMLogger.h; path = GTM/GTMLogger.h; sourceTree = "<group>"; };
		270DACA814098AE30080DFBD /* GTMLogger.m */ = {isa = PBXFileReference; fileEncoding = 4; lastKnownFileType = sourcecode.c.objc; name = GTMLogger.m; path = GTM/GTMLogger.m; sourceTree = "<group>"; };
		270DACAA14098B250080DFBD /* GTMDefines.h */ = {isa = PBXFileReference; fileEncoding = 4; lastKnownFileType = sourcecode.c.h; name = GTMDefines.h; path = GTM/GTMDefines.h; sourceTree = "<group>"; };
		27160C7416C939FF002DA475 /* ShiftIt.app */ = {isa = PBXFileReference; explicitFileType = wrapper.application; includeInIndex = 0; path = ShiftIt.app; sourceTree = BUILT_PRODUCTS_DIR; };
		2717BE28149933E70012EF87 /* Carbon.framework */ = {isa = PBXFileReference; lastKnownFileType = wrapper.framework; name = Carbon.framework; path = System/Library/Frameworks/Carbon.framework; sourceTree = SDKROOT; };
		2717BE2A149933EE0012EF87 /* Cocoa.framework */ = {isa = PBXFileReference; lastKnownFileType = wrapper.framework; name = Cocoa.framework; path = System/Library/Frameworks/Cocoa.framework; sourceTree = SDKROOT; };
		2717BE34149935EB0012EF87 /* FMT.h */ = {isa = PBXFileReference; fileEncoding = 4; lastKnownFileType = sourcecode.c.h; name = FMT.h; path = FMT/FMT.h; sourceTree = "<group>"; };
		2717BE35149935EB0012EF87 /* FMTNSArray+Functional.h */ = {isa = PBXFileReference; fileEncoding = 4; lastKnownFileType = sourcecode.c.h; name = "FMTNSArray+Functional.h"; path = "FMT/FMTNSArray+Functional.h"; sourceTree = "<group>"; };
		2717BE36149935EB0012EF87 /* FMTNSArray+Functional.m */ = {isa = PBXFileReference; fileEncoding = 4; lastKnownFileType = sourcecode.c.objc; name = "FMTNSArray+Functional.m"; path = "FMT/FMTNSArray+Functional.m"; sourceTree = "<group>"; };
		2717BE37149935EC0012EF87 /* FMTNSError+Extras.h */ = {isa = PBXFileReference; fileEncoding = 4; lastKnownFileType = sourcecode.c.h; name = "FMTNSError+Extras.h"; path = "FMT/FMTNSError+Extras.h"; sourceTree = "<group>"; };
		2717BE38149935EC0012EF87 /* FMTNSError+Extras.m */ = {isa = PBXFileReference; fileEncoding = 4; lastKnownFileType = sourcecode.c.objc; name = "FMTNSError+Extras.m"; path = "FMT/FMTNSError+Extras.m"; sourceTree = "<group>"; };
		2717BEAD14994C120012EF87 /* Cocoa.framework */ = {isa = PBXFileReference; lastKnownFileType = wrapper.framework; name = Cocoa.framework; path = System/Library/Frameworks/Cocoa.framework; sourceTree = SDKROOT; };
		2717BEAF14994C120012EF87 /* AppKit.framework */ = {isa = PBXFileReference; lastKnownFileType = wrapper.framework; name = AppKit.framework; path = System/Library/Frameworks/AppKit.framework; sourceTree = SDKROOT; };
		2717BEB014994C120012EF87 /* CoreData.framework */ = {isa = PBXFileReference; lastKnownFileType = wrapper.framework; name = CoreData.framework; path = System/Library/Frameworks/CoreData.framework; sourceTree = SDKROOT; };
		2717BEB114994C120012EF87 /* Foundation.framework */ = {isa = PBXFileReference; lastKnownFileType = wrapper.framework; name = Foundation.framework; path = System/Library/Frameworks/Foundation.framework; sourceTree = SDKROOT; };
		271D2EB912FC6B3A00A4D0BF /* margin-background-image.png */ = {isa = PBXFileReference; lastKnownFileType = image.png; path = "margin-background-image.png"; sourceTree = "<group>"; };
		273DF6F491570B50583C4079 /* SRKeyCodeTransformer.m */ = {isa = PBXFileReference; includeInIndex = 1; lastKnownFileType = sourcecode.c.objc; path = SRKeyCodeTransformer.m; sourceTree = "<group>"; };
		2743F1A2140EFC8E00C23A67 /* SIWindowDriver.h */ = {isa = PBXFileReference; fileEncoding = 4; lastKnownFileType = sourcecode.c.h; path = SIWindowDriver.h; sourceTree = "<group>"; };
		2743F1A9140F048B00C23A67 /* WindowGeometryShiftItAction.h */ = {isa = PBXFileReference; fileEncoding = 4; lastKnownFileType = sourcecode.c.h; path = WindowGeometryShiftItAction.h; sourceTree = "<group>"; };
		2743F1AA140F048B00C23A67 /* WindowGeometryShiftItAction.m */ = {isa = PBXFileReference; fileEncoding = 4; lastKnownFileType = sourcecode.c.objc; path = WindowGeometryShiftItAction.m; sourceTree = "<group>"; };
		27632BC919535F04000445C5 /* Base */ = {isa = PBXFileReference; lastKnownFileType = file.xib; name = Base; path = Base.lproj/PreferencesWindow.xib; sourceTree = "<group>"; };
		27632BCA19535F04000445C5 /* Base */ = {isa = PBXFileReference; lastKnownFileType = file.xib; name = Base; path = Base.lproj/MainMenu.xib; sourceTree = "<group>"; };
		27632BCB19535F87000445C5 /* Base */ = {isa = PBXFileReference; lastKnownFileType = text.plist.strings; name = Base; path = Base.lproj/Localizable.strings; sourceTree = "<group>"; };
		27632BCC19535FD0000445C5 /* Base */ = {isa = PBXFileReference; lastKnownFileType = text.plist.strings; name = Base; path = Base.lproj/InfoPlist.strings; sourceTree = "<group>"; };
		27632BD1195364EB000445C5 /* ja */ = {isa = PBXFileReference; lastKnownFileType = text.plist.strings; name = ja; path = ja.lproj/PreferencesWindow.strings; sourceTree = "<group>"; };
		27632BD2195364EB000445C5 /* ja */ = {isa = PBXFileReference; lastKnownFileType = text.plist.strings; name = ja; path = ja.lproj/MainMenu.strings; sourceTree = "<group>"; };
		27632BD3195364EB000445C5 /* ja */ = {isa = PBXFileReference; lastKnownFileType = text.plist.strings; name = ja; path = ja.lproj/Localizable.strings; sourceTree = "<group>"; };
		27A14EBF1269EC1500E68263 /* ShiftIt-defaults.plist */ = {isa = PBXFileReference; lastKnownFileType = file.bplist; path = "ShiftIt-defaults.plist"; sourceTree = "<group>"; };
		27B4F46A192CFB2B00D35063 /* CoreFoundation.framework */ = {isa = PBXFileReference; lastKnownFileType = wrapper.framework; name = CoreFoundation.framework; path = System/Library/Frameworks/CoreFoundation.framework; sourceTree = SDKROOT; };
		27B4F479192CFB4600D35063 /* Foundation.framework */ = {isa = PBXFileReference; lastKnownFileType = wrapper.framework; name = Foundation.framework; path = System/Library/Frameworks/Foundation.framework; sourceTree = SDKROOT; };
		27C072DF140D6B9E00C4E199 /* FMTNSDictionary+Extras.h */ = {isa = PBXFileReference; fileEncoding = 4; lastKnownFileType = sourcecode.c.h; name = "FMTNSDictionary+Extras.h"; path = "FMT/FMTNSDictionary+Extras.h"; sourceTree = "<group>"; };
		27C072E0140D6B9E00C4E199 /* FMTNSDictionary+Extras.m */ = {isa = PBXFileReference; fileEncoding = 4; lastKnownFileType = sourcecode.c.objc; name = "FMTNSDictionary+Extras.m"; path = "FMT/FMTNSDictionary+Extras.m"; sourceTree = "<group>"; };
		27C072E2140D981E00C4E199 /* FMTNSDate+Extras.h */ = {isa = PBXFileReference; fileEncoding = 4; lastKnownFileType = sourcecode.c.h; name = "FMTNSDate+Extras.h"; path = "FMT/FMTNSDate+Extras.h"; sourceTree = "<group>"; };
		27C072E3140D981E00C4E199 /* FMTNSDate+Extras.m */ = {isa = PBXFileReference; fileEncoding = 4; lastKnownFileType = sourcecode.c.objc; name = "FMTNSDate+Extras.m"; path = "FMT/FMTNSDate+Extras.m"; sourceTree = "<group>"; };
		27CD1A2E19437FB20063D5AB /* ShiftItMenuIcon.png */ = {isa = PBXFileReference; lastKnownFileType = image.png; path = ShiftItMenuIcon.png; sourceTree = "<group>"; };
		27F4687C141C2238001209F6 /* X11WindowDriver.h */ = {isa = PBXFileReference; fileEncoding = 4; lastKnownFileType = sourcecode.c.h; path = X11WindowDriver.h; sourceTree = "<group>"; };
		27F4687D141C2238001209F6 /* X11WindowDriver.m */ = {isa = PBXFileReference; fileEncoding = 4; lastKnownFileType = sourcecode.c.objc; path = X11WindowDriver.m; sourceTree = "<group>"; };
		27F4687F141CC08F001209F6 /* ShiftIt.h */ = {isa = PBXFileReference; fileEncoding = 4; lastKnownFileType = sourcecode.c.h; path = ShiftIt.h; sourceTree = "<group>"; };
		27F4FD4512730F2F00A65750 /* FMTHotKey.h */ = {isa = PBXFileReference; fileEncoding = 4; lastKnownFileType = sourcecode.c.h; name = FMTHotKey.h; path = FMT/FMTHotKey.h; sourceTree = "<group>"; };
		27F4FD4612730F2F00A65750 /* FMTHotKey.m */ = {isa = PBXFileReference; fileEncoding = 4; lastKnownFileType = sourcecode.c.objc; name = FMTHotKey.m; path = FMT/FMTHotKey.m; sourceTree = "<group>"; };
		27F4FD4712730F2F00A65750 /* FMTHotKey+SRKeyCombo.h */ = {isa = PBXFileReference; fileEncoding = 4; lastKnownFileType = sourcecode.c.h; name = "FMTHotKey+SRKeyCombo.h"; path = "FMT/FMTHotKey+SRKeyCombo.h"; sourceTree = "<group>"; };
		27F4FD4812730F2F00A65750 /* FMTHotKey+SRKeyCombo.m */ = {isa = PBXFileReference; fileEncoding = 4; lastKnownFileType = sourcecode.c.objc; name = "FMTHotKey+SRKeyCombo.m"; path = "FMT/FMTHotKey+SRKeyCombo.m"; sourceTree = "<group>"; };
		27F4FD4912730F2F00A65750 /* FMTHotKeyManager.h */ = {isa = PBXFileReference; fileEncoding = 4; lastKnownFileType = sourcecode.c.h; name = FMTHotKeyManager.h; path = FMT/FMTHotKeyManager.h; sourceTree = "<group>"; };
		27F4FD4A12730F2F00A65750 /* FMTHotKeyManager.m */ = {isa = PBXFileReference; fileEncoding = 4; lastKnownFileType = sourcecode.c.objc; name = FMTHotKeyManager.m; path = FMT/FMTHotKeyManager.m; sourceTree = "<group>"; };
		27F4FD5112730F4600A65750 /* FMTDefines.h */ = {isa = PBXFileReference; fileEncoding = 4; lastKnownFileType = sourcecode.c.h; name = FMTDefines.h; path = FMT/FMTDefines.h; sourceTree = "<group>"; };
		27F4FD5212730F4600A65750 /* FMTLoginItems.h */ = {isa = PBXFileReference; fileEncoding = 4; lastKnownFileType = sourcecode.c.h; name = FMTLoginItems.h; path = FMT/FMTLoginItems.h; sourceTree = "<group>"; };
		27F4FD5312730F4600A65750 /* FMTLoginItems.m */ = {isa = PBXFileReference; fileEncoding = 4; lastKnownFileType = sourcecode.c.objc; name = FMTLoginItems.m; path = FMT/FMTLoginItems.m; sourceTree = "<group>"; };
		27F4FD5412730F4600A65750 /* FMTUtils.h */ = {isa = PBXFileReference; fileEncoding = 4; lastKnownFileType = sourcecode.c.h; name = FMTUtils.h; path = FMT/FMTUtils.h; sourceTree = "<group>"; };
		27F4FD5512730F4600A65750 /* FMTUtils.m */ = {isa = PBXFileReference; fileEncoding = 4; lastKnownFileType = sourcecode.c.objc; name = FMTUtils.m; path = FMT/FMTUtils.m; sourceTree = "<group>"; };
		29B97316FDCFA39411CA2CEA /* main.m */ = {isa = PBXFileReference; fileEncoding = 4; lastKnownFileType = sourcecode.c.objc; path = main.m; sourceTree = "<group>"; };
		386A07B21E96D45BF63B30B2 /* ShortcutRecorder.h */ = {isa = PBXFileReference; includeInIndex = 1; lastKnownFileType = sourcecode.c.h; path = ShortcutRecorder.h; sourceTree = "<group>"; };
		58922124A4B81BA01CF95B3A /* SRCommon.h */ = {isa = PBXFileReference; includeInIndex = 1; lastKnownFileType = sourcecode.c.h; path = SRCommon.h; sourceTree = "<group>"; };
		5C5F8019018CB3F1F890164D /* FMTGeometryTests.m */ = {isa = PBXFileReference; includeInIndex = 1; lastKnownFileType = sourcecode.c.objc; path = FMTGeometryTests.m; sourceTree = "<group>"; };
		5DB990A79D4B4450A22E7408 /* Cocoa.framework */ = {isa = PBXFileReference; lastKnownFileType = wrapper.framework; name = Cocoa.framework; path = Platforms/MacOSX.platform/Developer/SDKs/MacOSX15.0.sdk/System/Library/Frameworks/Cocoa.framework; sourceTree = DEVELOPER_DIR; };
		83E55ED4125A5FCF00FC49BF /* ShiftIt.icns */ = {isa = PBXFileReference; lastKnownFileType = image.icns; path = ShiftIt.icns; sourceTree = "<group>"; };
		8D1107310486CEB800E47090 /* ShiftIt-Info.plist */ = {isa = PBXFileReference; fileEncoding = 4; lastKnownFileType = text.plist.xml; path = "ShiftIt-Info.plist"; sourceTree = "<group>"; };
		8D1107320486CEB800E47090 /* ShiftIt.app */ = {isa = PBXFileReference; explicitFileType = wrapper.application; includeInIndex = 0; path = ShiftIt.app; sourceTree = BUILT_PRODUCTS_DIR; };
		8ED3641F41C363B936ADB912 /* SRCommon.m */ = {isa = PBXFileReference; includeInIndex = 1; lastKnownFileType = sourcecode.c.objc; path = SRCommon.m; sourceTree = "<group>"; };
		8EEC7F60C5492FC3F881D450 /* SRValidator.h */ = {isa = PBXFileReference; includeInIndex = 1; lastKnownFileType = sourcecode.c.h; path = SRValidator.h; sourceTree = "<group>"; };
		987956F149F99A894E9B801E /* LICENSE.txt */ = {isa = PBXFileReference; includeInIndex = 1; path = LICENSE.txt; sourceTree = "<group>"; };
		9EDDA2F1CA16C418237464D2 /* SRRecorderCell.h */ = {isa = PBXFileReference; includeInIndex = 1; lastKnownFileType = sourcecode.c.h; path = SRRecorderCell.h; sourceTree = "<group>"; };
		AAF7AF1AB609F1053F67A078 /* SRRecorderCell.m */ = {isa = PBXFileReference; includeInIndex = 1; lastKnownFileType = sourcecode.c.objc; path = SRRecorderCell.m; sourceTree = "<group>"; };
		AB131481E8BD85F8D5595DD9 /* SRKeyCodeTransformer.h */ = {isa = PBXFileReference; includeInIndex = 1; lastKnownFileType = sourcecode.c.h; path = SRKeyCodeTransformer.h; sourceTree = "<group>"; };
		B032696B4ABE7E99AFDBE601 /* Carbon.framework */ = {isa = PBXFileReference; lastKnownFileType = wrapper.framework; name = Carbon.framework; path = Platforms/MacOSX.platform/Developer/SDKs/MacOSX15.0.sdk/System/Library/Frameworks/Carbon.framework; sourceTree = DEVELOPER_DIR; };
		C2E60D9DF481A10136553872 /* FMTHotKeyTests.m */ = {isa = PBXFileReference; includeInIndex = 1; lastKnownFileType = sourcecode.c.objc; path = FMTHotKeyTests.m; sourceTree = "<group>"; };
		DAE17B90A48D4072171A83CE /* ShiftItActionGeometryTests.m */ = {isa = PBXFileReference; includeInIndex = 1; lastKnownFileType = sourcecode.c.objc; path = ShiftItActionGeometryTests.m; sourceTree = "<group>"; };
		E4BCF6EB42F45803C08BAC36 /* FMTError.m */ = {isa = PBXFileReference; fileEncoding = 4; lastKnownFileType = sourcecode.c.objc; path = FMTError.m; sourceTree = "<group>"; };
		E4BCFC0DE2CE260FCDB4481E /* FMTError.h */ = {isa = PBXFileReference; fileEncoding = 4; lastKnownFileType = sourcecode.c.h; path = FMTError.h; sourceTree = "<group>"; };
		E4BCFDA13E39F7928BBEC389 /* ShiftItConstants.h */ = {isa = PBXFileReference; fileEncoding = 4; lastKnownFileType = sourcecode.c.h; path = ShiftItConstants.h; sourceTree = "<group>"; };
		EA12F424356159D97E4CB021 /* SRValidator.m */ = {isa = PBXFileReference; includeInIndex = 1; lastKnownFileType = sourcecode.c.objc; path = SRValidator.m; sourceTree = "<group>"; };
		EAF1AC50D1A577928A999D2E /* SIAdjacentRectanglesTest.m */ = {isa = PBXFileReference; includeInIndex = 1; lastKnownFileType = sourcecode.c.objc; path = SIAdjacentRectanglesTest.m; sourceTree = "<group>"; };
		ED006302D8CAD52B64D2BAA4 /* ShiftItTests.xctest */ = {isa = PBXFileReference; explicitFileType = wrapper.cfbundle; includeInIndex = 0; path = ShiftItTests.xctest; sourceTree = BUILT_PRODUCTS_DIR; };
		F2520B621133874D00DB826F /* PreferencesWindowController.h */ = {isa = PBXFileReference; fileEncoding = 4; lastKnownFileType = sourcecode.c.h; path = PreferencesWindowController.h; sourceTree = "<group>"; };
		F2520B631133874D00DB826F /* PreferencesWindowController.m */ = {isa = PBXFileReference; fileEncoding = 4; lastKnownFileType = sourcecode.c.objc; path = PreferencesWindowController.m; sourceTree = "<group>"; };
		F2DC61231127ACDE000E1A5B /* SIWindowManager.h */ = {isa = PBXFileReference; fileEncoding = 4; lastKnownFileType = sourcecode.c.h; path = SIWindowManager.h; sourceTree = "<group>"; };
		F2DC61241127ACDE000E1A5B /* SIWindowManager.m */ = {isa = PBXFileReference; fileEncoding = 4; lastKnownFileType = sourcecode.c.objc; path = SIWindowManager.m; sourceTree = "<group>"; };
		F2DC61EE1127C862000E1A5B /* Carbon.framework */ = {isa = PBXFileReference; lastKnownFileType = wrapper.framework; name = Carbon.framework; path = /System/Library/Frameworks/Carbon.framework; sourceTree = "<absolute>"; };
		F2DC61EF1127C862000E1A5C /* SIScreen.m */ = {isa = PBXFileReference; fileEncoding = 4; lastKnownFileType = sourcecode.c.objc; path = SIScreen.m; sourceTree = "<group>"; };
		F2DC61EF1127C862000E1A5E /* SIScreen.h */ = {isa = PBXFileReference; fileEncoding = 4; lastKnownFileType = sourcecode.c.h; path = SIScreen.h; sourceTree = "<group>"; };
		F2DC61EF1127C862000E1A5F /* SIAdjacentRectangles.m */ = {isa = PBXFileReference; fileEncoding = 4; lastKnownFileType = sourcecode.c.objc; path = SIAdjacentRectangles.m; sourceTree = "<group>"; };
		F2DC61EF1127C862000E1A61 /* SIAdjacentRectangles.h */ = {isa = PBXFileReference; fileEncoding = 4; lastKnownFileType = sourcecode.c.h; path = SIAdjacentRectangles.h; sourceTree = "<group>"; };
		F2DC61EF1127C862000E1A62 /* SIWindow.h */ = {isa = PBXFileReference; fileEncoding = 4; lastKnownFileType = sourcecode.c.h; path = SIWindow.h; sourceTree = "<group>"; };
		F2DC61EF1127C862000E1A63 /* SIDefines.h */ = {isa = PBXFileReference; fileEncoding = 4; lastKnownFileType = sourcecode.c.h; path = SIDefines.h; sourceTree = "<group>"; };
		F2DC61EF1127C862000E1A64 /* SIWindowInfo.h */ = {isa = PBXFileReference; fileEncoding = 4; lastKnownFileType = sourcecode.c.h; path = SIWindowInfo.h; sourceTree = "<group>"; };
		F2DC61EF1127C862000E1A65 /* SIWindowContext.h */ = {isa = PBXFileReference; fileEncoding = 4; lastKnownFileType = sourcecode.c.h; path = SIWindowContext.h; sourceTree = "<group>"; };
		F2DC61EF1127C862000E1A66 /* SIActionDelegate.h */ = {isa = PBXFileReference; fileEncoding = 4; lastKnownFileType = sourcecode.c.h; path = SIActionDelegate.h; sourceTree = "<group>"; };
		F2DC61EF1127C862000E1A67 /* FMTGeometry.m */ = {isa = PBXFileReference; fileEncoding = 4; lastKnownFileType = sourcecode.c.objc; path = FMTGeometry.m; sourceTree = "<group>"; };
		F2DC61EF1127C862000E1A6A /* FMTGeometry.h */ = {isa = PBXFileReference; fileEncoding = 4; lastKnownFileType = sourcecode.c.h; path = FMTGeometry.h; sourceTree = "<group>"; };
		F2DC61EF1127C862000E1A6B /* FMTNSFileManager+DirectoryLocations.h */ = {isa = PBXFileReference; fileEncoding = 4; lastKnownFileType = sourcecode.c.h; name = "FMTNSFileManager+DirectoryLocations.h"; path = "FMT/FMTNSFileManager+DirectoryLocations.h"; sourceTree = "<group>"; };
		F2DC61EF1127C862000E1A6C /* FMTNSFileManager+DirectoryLocations.m */ = {isa = PBXFileReference; fileEncoding = 4; lastKnownFileType = sourcecode.c.objc; name = "FMTNSFileManager+DirectoryLocations.m"; path = "FMT/FMTNSFileManager+DirectoryLocations.m"; sourceTree = "<group>"; };
		FE2A5E5B4F3EB7FC6335443E /* ServiceManagement.framework */ = {isa = PBXFileReference; lastKnownFileType = wrapper.framework; name = ServiceManagement.framework; path = Platforms/MacOSX.platform/Developer/SDKs/MacOSX15.0.sdk/System/Library/Frameworks/ServiceManagement.framework; sourceTree = DEVELOPER_DIR; };
/* End PBXFileReference section */

/* Begin PBXFrameworksBuildPhase section */
		27160C6916C939FF002DA475 /* Frameworks */ = {
			isa = PBXFrameworksBuildPhase;
			buildActionMask = 2147483647;
			files = (
				27160C6C16C939FF002DA475 /* Carbon.framework in Frameworks */,
				27160C6D16C939FF002DA475 /* Cocoa.framework in Frameworks */,
				8E615BAFE2C055F0F7204557 /* ServiceManagement.framework in Frameworks */,
			);
			runOnlyForDeploymentPostprocessing = 0;
		};
		50F772010185B0C4C5566B05 /* Frameworks */ = {
			isa = PBXFrameworksBuildPhase;
			buildActionMask = 2147483647;
			files = (
				6EDC1B09ADE77702B2CF4050 /* Cocoa.framework in Frameworks */,
				6510B087FE625D234FF9E4CA /* Carbon.framework in Frameworks */,
				E47AB71D648B826B580A8E65 /* ServiceManagement.framework in Frameworks */,
			);
			runOnlyForDeploymentPostprocessing = 0;
		};
		8D11072E0486CEB800E47090 /* Frameworks */ = {
			isa = PBXFrameworksBuildPhase;
			buildActionMask = 2147483647;
			files = (
				F2DC61EF1127C862000E1A5B /* Carbon.framework in Frameworks */,
				8D11072F0486CEB800E47090 /* Cocoa.framework in Frameworks */,
				3D99A755D38F57AE599F756F /* ServiceManagement.framework in Frameworks */,
			);
			runOnlyForDeploymentPostprocessing = 0;
		};
/* End PBXFrameworksBuildPhase section */

/* Begin PBXGroup section */
		080E96DDFE201D6D7F000001 /* Classes */ = {
			isa = PBXGroup;
			children = (
				2708C1CC1261388A00192883 /* External */,
				2743F1A3140EFCB300C23A67 /* ShiftIt Framework */,
				2743F1A5140F02D500C23A67 /* Actions */,
				F2D9C239112F9D0E003E9435 /* Preferences */,
				256AC3D80F4B6AC300CF3369 /* ShiftItAppDelegate.h */,
				256AC3D90F4B6AC300CF3369 /* ShiftItAppDelegate.m */,
				2708C2551261C8E800192883 /* ShiftItApp.h */,
				E4BCFDA13E39F7928BBEC389 /* ShiftItConstants.h */,
			);
			name = Classes;
			sourceTree = "<group>";
		};
		1058C7A0FEA54F0111CA2CBB /* Linked Frameworks */ = {
			isa = PBXGroup;
			children = (
				2717BE2A149933EE0012EF87 /* Cocoa.framework */,
				2717BE28149933E70012EF87 /* Carbon.framework */,
				F2DC61EE1127C862000E1A5B /* Carbon.framework */,
				1058C7A1FEA54F0111CA2CBB /* Cocoa.framework */,
			);
			name = "Linked Frameworks";
			sourceTree = "<group>";
		};
		1058C7A2FEA54F0111CA2CBB /* Other Frameworks */ = {
			isa = PBXGroup;
			children = (
				2717BEAF14994C120012EF87 /* AppKit.framework */,
				2717BEB014994C120012EF87 /* CoreData.framework */,
				2717BEB114994C120012EF87 /* Foundation.framework */,
			);
			name = "Other Frameworks";
			sourceTree = "<group>";
		};
		19C28FACFE9D520D11CA2CBB /* Products */ = {
			isa = PBXGroup;
			children = (
				8D1107320486CEB800E47090 /* ShiftIt.app */,
				27160C7416C939FF002DA475 /* ShiftIt.app */,
				ED006302D8CAD52B64D2BAA4 /* ShiftItTests.xctest */,
			);
			name = Products;
			sourceTree = "<group>";
		};
		2708C1CC1261388A00192883 /* External */ = {
			isa = PBXGroup;
			children = (
				270DACA514098ACA0080DFBD /* GTM */,
				2708C1CE126138A000192883 /* FMT */,
			);
			name = External;
			sourceTree = "<group>";
		};
		2708C1CD1261389000192883 /* HotKey */ = {
			isa = PBXGroup;
			children = (
				27F4FD4512730F2F00A65750 /* FMTHotKey.h */,
				27F4FD4612730F2F00A65750 /* FMTHotKey.m */,
				27F4FD4712730F2F00A65750 /* FMTHotKey+SRKeyCombo.h */,
				27F4FD4812730F2F00A65750 /* FMTHotKey+SRKeyCombo.m */,
				27F4FD4912730F2F00A65750 /* FMTHotKeyManager.h */,
				27F4FD4A12730F2F00A65750 /* FMTHotKeyManager.m */,
			);
			name = HotKey;
			sourceTree = "<group>";
		};
		2708C1CE126138A000192883 /* FMT */ = {
			isa = PBXGroup;
			children = (
				F2DC61EF1127C862000E1A6C /* FMTNSFileManager+DirectoryLocations.m */,
				F2DC61EF1127C862000E1A6B /* FMTNSFileManager+DirectoryLocations.h */,
				F2DC61EF1127C862000E1A6A /* FMTGeometry.h */,
				F2DC61EF1127C862000E1A67 /* FMTGeometry.m */,
				2708C1CD1261389000192883 /* HotKey */,
				2717BE34149935EB0012EF87 /* FMT.h */,
				2717BE35149935EB0012EF87 /* FMTNSArray+Functional.h */,
				2717BE36149935EB0012EF87 /* FMTNSArray+Functional.m */,
				2717BE37149935EC0012EF87 /* FMTNSError+Extras.h */,
				2717BE38149935EC0012EF87 /* FMTNSError+Extras.m */,
				27F4FD5112730F4600A65750 /* FMTDefines.h */,
				27F4FD5212730F4600A65750 /* FMTLoginItems.h */,
				27F4FD5312730F4600A65750 /* FMTLoginItems.m */,
				27F4FD5412730F4600A65750 /* FMTUtils.h */,
				27F4FD5512730F4600A65750 /* FMTUtils.m */,
				27C072DF140D6B9E00C4E199 /* FMTNSDictionary+Extras.h */,
				27C072E0140D6B9E00C4E199 /* FMTNSDictionary+Extras.m */,
				27C072E2140D981E00C4E199 /* FMTNSDate+Extras.h */,
				27C072E3140D981E00C4E199 /* FMTNSDate+Extras.m */,
				E4BCF6EB42F45803C08BAC36 /* FMTError.m */,
				E4BCFC0DE2CE260FCDB4481E /* FMTError.h */,
			);
			name = FMT;
			sourceTree = "<group>";
		};
		270DACA514098ACA0080DFBD /* GTM */ = {
			isa = PBXGroup;
			children = (
				270DACAA14098B250080DFBD /* GTMDefines.h */,
				270DACA614098AE30080DFBD /* GTMGarbageCollection.h */,
				270DACA714098AE30080DFBD /* GTMLogger.h */,
				270DACA814098AE30080DFBD /* GTMLogger.m */,
			);
			name = GTM;
			sourceTree = "<group>";
		};
		2743F1A3140EFCB300C23A67 /* ShiftIt Framework */ = {
			isa = PBXGroup;
			children = (
				F2DC61EF1127C862000E1A66 /* SIActionDelegate.h */,
				F2DC61EF1127C862000E1A65 /* SIWindowContext.h */,
				F2DC61EF1127C862000E1A64 /* SIWindowInfo.h */,
				F2DC61EF1127C862000E1A63 /* SIDefines.h */,
				F2DC61EF1127C862000E1A62 /* SIWindow.h */,
				F2DC61EF1127C862000E1A61 /* SIAdjacentRectangles.h */,
				F2DC61EF1127C862000E1A5F /* SIAdjacentRectangles.m */,
				F2DC61EF1127C862000E1A5E /* SIScreen.h */,
				F2DC61EF1127C862000E1A5C /* SIScreen.m */,
				2743F1A2140EFC8E00C23A67 /* SIWindowDriver.h */,
				F2DC61231127ACDE000E1A5B /* SIWindowManager.h */,
				F2DC61241127ACDE000E1A5B /* SIWindowManager.m */,
				2743F1A4140EFCC700C23A67 /* Drivers */,
				27F4687F141CC08F001209F6 /* ShiftIt.h */,
			);
			name = "ShiftIt Framework";
			sourceTree = "<group>";
		};
		2743F1A4140EFCC700C23A67 /* Drivers */ = {
			isa = PBXGroup;
			children = (
				27F46880141CC9E0001209F6 /* AXDriver */,
				27F46881141CC9EF001209F6 /* X11Driver */,
			);
			name = Drivers;
			sourceTree = "<group>";
		};
		2743F1A5140F02D500C23A67 /* Actions */ = {
			isa = PBXGroup;
			children = (
				2743F1A9140F048B00C23A67 /* WindowGeometryShiftItAction.h */,
				2743F1AA140F048B00C23A67 /* WindowGeometryShiftItAction.m */,
				2708BF101260E5BB00192883 /* DefaultShiftItActions.h */,
				2708BF111260E5BB00192883 /* DefaultShiftItActions.m */,
			);
			name = Actions;
			sourceTree = "<group>";
		};
		27F46880141CC9E0001209F6 /* AXDriver */ = {
			isa = PBXGroup;
			children = (
				270DACA214094B9E0080DFBD /* AXWindowDriver.h */,
				270DACA314094B9E0080DFBD /* AXWindowDriver.m */,
			);
			name = AXDriver;
			sourceTree = "<group>";
		};
		27F46881141CC9EF001209F6 /* X11Driver */ = {
			isa = PBXGroup;
			children = (
				27F4687C141C2238001209F6 /* X11WindowDriver.h */,
				27F4687D141C2238001209F6 /* X11WindowDriver.m */,
			);
			name = X11Driver;
			sourceTree = "<group>";
		};
		29B97314FDCFA39411CA2CEA = {
			isa = PBXGroup;
			children = (
				080E96DDFE201D6D7F000001 /* Classes */,
				29B97315FDCFA39411CA2CEA /* Other Sources */,
				29B97317FDCFA39411CA2CEA /* Resources */,
				29B97323FDCFA39411CA2CEA /* Frameworks */,
				19C28FACFE9D520D11CA2CBB /* Products */,
				515D22735158547114FB9310 /* Vendor */,
				43A34A77F78EAC997078F286 /* ShiftItTests */,
			);
			name = ShiftIt;
			sourceTree = "<group>";
		};
		29B97315FDCFA39411CA2CEA /* Other Sources */ = {
			isa = PBXGroup;
			children = (
				256AC3F00F4B6AF500CF3369 /* ShiftIt_Prefix.pch */,
				29B97316FDCFA39411CA2CEA /* main.m */,
			);
			name = "Other Sources";
			sourceTree = "<group>";
		};
		29B97317FDCFA39411CA2CEA /* Resources */ = {
			isa = PBXGroup;
			children = (
				CA0A5413194C030700AC7F45 /* Localizable.strings */,
				CA0A5410194C02ED00AC7F45 /* PreferencesWindow.xib */,
				27CD1A2E19437FB20063D5AB /* ShiftItMenuIcon.png */,
				271D2EB912FC6B3A00A4D0BF /* margin-background-image.png */,
				27A14EBF1269EC1500E68263 /* ShiftIt-defaults.plist */,
				83E55ED4125A5FCF00FC49BF /* ShiftIt.icns */,
				8D1107310486CEB800E47090 /* ShiftIt-Info.plist */,
				089C165CFE840E0CC02AAC07 /* InfoPlist.strings */,
				1DDD58140DA1D0A300B32029 /* MainMenu.xib */,
			);
			name = Resources;
			sourceTree = "<group>";
		};
		29B97323FDCFA39411CA2CEA /* Frameworks */ = {
			isa = PBXGroup;
			children = (
				1058C7A0FEA54F0111CA2CBB /* Linked Frameworks */,
				2717BEAD14994C120012EF87 /* Cocoa.framework */,
				27B4F46A192CFB2B00D35063 /* CoreFoundation.framework */,
				27B4F479192CFB4600D35063 /* Foundation.framework */,
				1058C7A2FEA54F0111CA2CBB /* Other Frameworks */,
				B077997C7284337034D6047D /* OS X */,
			);
			name = Frameworks;
			sourceTree = "<group>";
		};
		43A34A77F78EAC997078F286 /* ShiftItTests */ = {
			isa = PBXGroup;
			children = (
				5C5F8019018CB3F1F890164D /* FMTGeometryTests.m */,
				EAF1AC50D1A577928A999D2E /* SIAdjacentRectanglesTest.m */,
				DAE17B90A48D4072171A83CE /* ShiftItActionGeometryTests.m */,
				C2E60D9DF481A10136553872 /* FMTHotKeyTests.m */,
			);
			name = ShiftItTests;
			path = ShiftItTests;
			sourceTree = "<group>";
		};
		515D22735158547114FB9310 /* Vendor */ = {
			isa = PBXGroup;
			children = (
				BFBB3260210EC29C81A568F8 /* ShortcutRecorder */,
			);
			name = Vendor;
			path = Vendor;
			sourceTree = "<group>";
		};
		B077997C7284337034D6047D /* OS X */ = {
			isa = PBXGroup;
			children = (
				FE2A5E5B4F3EB7FC6335443E /* ServiceManagement.framework */,
				5DB990A79D4B4450A22E7408 /* Cocoa.framework */,
				B032696B4ABE7E99AFDBE601 /* Carbon.framework */,
			);
			name = "OS X";
			sourceTree = "<group>";
		};
		BFBB3260210EC29C81A568F8 /* ShortcutRecorder */ = {
			isa = PBXGroup;
			children = (
				987956F149F99A894E9B801E /* LICENSE.txt */,
				58922124A4B81BA01CF95B3A /* SRCommon.h */,
				8ED3641F41C363B936ADB912 /* SRCommon.m */,
				AB131481E8BD85F8D5595DD9 /* SRKeyCodeTransformer.h */,
				273DF6F491570B50583C4079 /* SRKeyCodeTransformer.m */,
				9EDDA2F1CA16C418237464D2 /* SRRecorderCell.h */,
				AAF7AF1AB609F1053F67A078 /* SRRecorderCell.m */,
				1E4280310D33EFB1B1C97082 /* SRRecorderControl.h */,
				0EBE5B39D302152640F71FF5 /* SRRecorderControl.m */,
				8EEC7F60C5492FC3F881D450 /* SRValidator.h */,
				EA12F424356159D97E4CB021 /* SRValidator.m */,
				386A07B21E96D45BF63B30B2 /* ShortcutRecorder.h */,
			);
			name = ShortcutRecorder;
			path = ShortcutRecorder;
			sourceTree = "<group>";
		};
		F2D9C239112F9D0E003E9435 /* Preferences */ = {
			isa = PBXGroup;
			children = (
				F2520B621133874D00DB826F /* PreferencesWindowController.h */,
				F2520B631133874D00DB826F /* PreferencesWindowController.m */,
			);
			name = Preferences;
			sourceTree = "<group>";
		};
/* End PBXGroup section */

/* Begin PBXNativeTarget section */
		27160C4816C939FF002DA475 /* ShiftIt NoX11 */ = {
			isa = PBXNativeTarget;
			buildConfigurationList = 27160C7116C939FF002DA475 /* Build configuration list for PBXNativeTarget "ShiftIt NoX11" */;
			buildPhases = (
				27160C4916C939FF002DA475 /* Resources */,
				27160C5216C939FF002DA475 /* Sources */,
				27160C6916C939FF002DA475 /* Frameworks */,
			);
			buildRules = (
			);
			dependencies = (
			);
			name = "ShiftIt NoX11";
			productInstallPath = "$(HOME)/Applications";
			productName = ShiftIt;
			productReference = 27160C7416C939FF002DA475 /* ShiftIt.app */;
			productType = "com.apple.product-type.application";
		};
		8D1107260486CEB800E47090 /* ShiftIt */ = {
			isa = PBXNativeTarget;
			buildConfigurationList = C01FCF4A08A954540054247B /* Build configuration list for PBXNativeTarget "ShiftIt" */;
			buildPhases = (
				8D1107290486CEB800E47090 /* Resources */,
				8D11072C0486CEB800E47090 /* Sources */,
				8D11072E0486CEB800E47090 /* Frameworks */,
			);
			buildRules = (
			);
			dependencies = (
			);
			name = ShiftIt;
			productInstallPath = "$(HOME)/Applications";
			productName = ShiftIt;
			productReference = 8D1107320486CEB800E47090 /* ShiftIt.app */;
			productType = "com.apple.product-type.application";
		};
		BD0504BEA1359B4CF70FC26B /* ShiftItTests */ = {
			isa = PBXNativeTarget;
			buildConfigurationList = 0E35C449C44789E855493C5D /* Build configuration list for PBXNativeTarget "ShiftItTests" */;
			buildPhases = (
				B681A1EFBE8654818BC4BEE7 /* Sources */,
				50F772010185B0C4C5566B05 /* Frameworks */,
				552D7218A7512894D3C20DA7 /* Resources */,
			);
			buildRules = (
			);
			dependencies = (
			);
			name = ShiftItTests;
			productName = ShiftItTests;
			productReference = ED006302D8CAD52B64D2BAA4 /* ShiftItTests.xctest */;
			productType = "com.apple.product-type.bundle.unit-test";
		};
/* End PBXNativeTarget section */

/* Begin PBXProject section */
		29B97313FDCFA39411CA2CEA /* Project object */ = {
			isa = PBXProject;
			attributes = {
				LastTestingUpgradeCheck = 0630;
				LastUpgradeCheck = 0630;
			};
			buildConfigurationList = C01FCF4E08A954540054247B /* Build configuration list for PBXProject "ShiftIt" */;
			compatibilityVersion = "Xcode 3.2";
			developmentRegion = English;
			hasScannedForEncodings = 1;
			knownRegions = (
				English,
				Japanese,
				French,
				German,
				en,
				ja,
				Base,
			);
			mainGroup = 29B97314FDCFA39411CA2CEA;
			productRefGroup = 19C28FACFE9D520D11CA2CBB /* Products */;
			projectDirPath = "";
			projectRoot = "";
			targets = (
				8D1107260486CEB800E47090 /* ShiftIt */,
				27160C4816C939FF002DA475 /* ShiftIt NoX11 */,
				BD0504BEA1359B4CF70FC26B /* ShiftItTests */,
			);
		};
/* End PBXProject section */

/* Begin PBXResourcesBuildPhase section */
		27160C4916C939FF002DA475 /* Resources */ = {
			isa = PBXResourcesBuildPhase;
			buildActionMask = 2147483647;
			files = (
				27160C4A16C939FF002DA475 /* InfoPlist.strings in Resources */,
				27CD1A3119437FB20063D5AB /* ShiftItMenuIcon.png in Resources */,
				27160C4B16C939FF002DA475 /* MainMenu.xib in Resources */,
				CEDBD24B19576F1900CB5F35 /* PreferencesWindow.xib in Resources */,
				27160C4E16C939FF002DA475 /* ShiftIt.icns in Resources */,
				27160C4F16C939FF002DA475 /* ShiftIt-defaults.plist in Resources */,
				27160C5016C939FF002DA475 /* margin-background-image.png in Resources */,
			);
			runOnlyForDeploymentPostprocessing = 0;
		};
		552D7218A7512894D3C20DA7 /* Resources */ = {
			isa = PBXResourcesBuildPhase;
			buildActionMask = 2147483647;
			files = (
			);
			runOnlyForDeploymentPostprocessing = 0;
		};
		8D1107290486CEB800E47090 /* Resources */ = {
			isa = PBXResourcesBuildPhase;
			buildActionMask = 2147483647;
			files = (
				8D11072B0486CEB800E47090 /* InfoPlist.strings in Resources */,
				CA0A5415194C030700AC7F45 /* Localizable.strings in Resources */,
				27CD1A3019437FB20063D5AB /* ShiftItMenuIcon.png in Resources */,
				CA0A5412194C02ED00AC7F45 /* PreferencesWindow.xib in Resources */,
				1DDD58160DA1D0A300B32029 /* MainMenu.xib in Resources */,
				83E55ED6125A5FCF00FC49BF /* ShiftIt.icns in Resources */,
				27A14EC01269EC1500E68263 /* ShiftIt-defaults.plist in Resources */,
				271D2EBB12FC6B3A00A4D0BF /* margin-background-image.png in Resources */,
			);
			runOnlyForDeploymentPostprocessing = 0;
		};
/* End PBXResourcesBuildPhase section */

/* Begin PBXSourcesBuildPhase section */
		27160C5216C939FF002DA475 /* Sources */ = {
			isa = PBXSourcesBuildPhase;
			buildActionMask = 2147483647;
			files = (
				27160C5416C939FF002DA475 /* main.m in Sources */,
				27160C5516C939FF002DA475 /* ShiftItAppDelegate.m in Sources */,
				27160C5616C939FF002DA475 /* SIWindowManager.m in Sources */,
				27160C5716C939FF002DA475 /* PreferencesWindowController.m in Sources */,
				27160C5816C939FF002DA475 /* DefaultShiftItActions.m in Sources */,
				27160C5916C939FF002DA475 /* FMTHotKey.m in Sources */,
				27160C5A16C939FF002DA475 /* FMTHotKey+SRKeyCombo.m in Sources */,
				27160C5B16C939FF002DA475 /* FMTHotKeyManager.m in Sources */,
				27160C5C16C939FF002DA475 /* FMTLoginItems.m in Sources */,
				27160C5D16C939FF002DA475 /* FMTUtils.m in Sources */,
				27160C5E16C939FF002DA475 /* AXWindowDriver.m in Sources */,
				27160C5F16C939FF002DA475 /* GTMLogger.m in Sources */,
				27160C6016C939FF002DA475 /* FMTNSDictionary+Extras.m in Sources */,
				27160C6116C939FF002DA475 /* FMTNSDate+Extras.m in Sources */,
				27160C6216C939FF002DA475 /* WindowGeometryShiftItAction.m in Sources */,
				27160C6316C939FF002DA475 /* SIScreen.m in Sources */,
				27160C6416C939FF002DA475 /* SIAdjacentRectangles.m in Sources */,
				27160C6516C939FF002DA475 /* FMTNSArray+Functional.m in Sources */,
				27160C6616C939FF002DA475 /* FMTNSError+Extras.m in Sources */,
				27160C6716C939FF002DA475 /* FMTGeometry.m in Sources */,
				27160C6816C939FF002DA475 /* FMTNSFileManager+DirectoryLocations.m in Sources */,
				E4BCF238FB8ED2BD310B85A5 /* FMTError.m in Sources */,
				660B0D67FE31F9514CBB66FD /* SRCommon.m in Sources */,
				622B1F1AF1B91C7957ECFEE2 /* SRKeyCodeTransformer.m in Sources */,
				E02995C4B335387A36CCC96F /* SRRecorderCell.m in Sources */,
				6CF14E8286BC403AE26A63BC /* SRRecorderControl.m in Sources */,
				B40B3BE54D75412CC481F355 /* SRValidator.m in Sources */,
			);
			runOnlyForDeploymentPostprocessing = 0;
		};
		8D11072C0486CEB800E47090 /* Sources */ = {
			isa = PBXSourcesBuildPhase;
			buildActionMask = 2147483647;
			files = (
				27904A531460C6C300E5AEAD /* X11WindowDriver.m in Sources */,
				8D11072D0486CEB800E47090 /* main.m in Sources */,
				256AC3DA0F4B6AC300CF3369 /* ShiftItAppDelegate.m in Sources */,
				F2DC61251127ACDE000E1A5B /* SIWindowManager.m in Sources */,
				F2520B641133874D00DB826F /* PreferencesWindowController.m in Sources */,
				2708BF121260E5BB00192883 /* DefaultShiftItActions.m in Sources */,
				27F4FD4B12730F2F00A65750 /* FMTHotKey.m in Sources */,
				27F4FD4C12730F2F00A65750 /* FMTHotKey+SRKeyCombo.m in Sources */,
				27F4FD4D12730F2F00A65750 /* FMTHotKeyManager.m in Sources */,
				27F4FD5612730F4600A65750 /* FMTLoginItems.m in Sources */,
				27F4FD5712730F4600A65750 /* FMTUtils.m in Sources */,
				270DACA414094B9E0080DFBD /* AXWindowDriver.m in Sources */,
				270DACA914098AE30080DFBD /* GTMLogger.m in Sources */,
				27C072E1140D6B9E00C4E199 /* FMTNSDictionary+Extras.m in Sources */,
				27C072E4140D981E00C4E199 /* FMTNSDate+Extras.m in Sources */,
				2743F1AB140F048B00C23A67 /* WindowGeometryShiftItAction.m in Sources */,
				F2DC61EF1127C862000E1A5D /* SIScreen.m in Sources */,
				F2DC61EF1127C862000E1A60 /* SIAdjacentRectangles.m in Sources */,
				2717BE39149935EC0012EF87 /* FMTNSArray+Functional.m in Sources */,
				2717BE3B149935EC0012EF87 /* FMTNSError+Extras.m in Sources */,
				F2DC61EF1127C862000E1A68 /* FMTGeometry.m in Sources */,
				F2DC61EF1127C862000E1A6D /* FMTNSFileManager+DirectoryLocations.m in Sources */,
				E4BCF1FFDFE5D8200B19C785 /* FMTError.m in Sources */,
				AF9FF049A817F3C7B16345A0 /* SRCommon.m in Sources */,
				1C39E9FA4356CDE55AE8ACFD /* SRKeyCodeTransformer.m in Sources */,
				238BC5430AA79512E980AFA6 /* SRRecorderCell.m in Sources */,
				F72386AF499D7EBC93606949 /* SRRecorderControl.m in Sources */,
				FC122FFF0D51FBE95DEE7302 /* SRValidator.m in Sources */,
			);
			runOnlyForDeploymentPostprocessing = 0;
		};
		B681A1EFBE8654818BC4BEE7 /* Sources */ = {
			isa = PBXSourcesBuildPhase;
			buildActionMask = 2147483647;
			files = (
				C77D7704EB55E8513F0CCB6C /* ShiftItAppDelegate.m in Sources */,
				7FADE3EB214B8976C3E5B26B /* SIWindowManager.m in Sources */,
				5EA3410E3EC8CA1F4CFA2FB2 /* PreferencesWindowController.m in Sources */,
				AD4E83D4574958DF8534564C /* DefaultShiftItActions.m in Sources */,
				CA0DE0037CA8C990E111BDFA /* FMTHotKey.m in Sources */,
				883BF9539C1B473D8F576DC6 /* FMTHotKey+SRKeyCombo.m in Sources */,
				714DC7A7293DE874BFE576A2 /* FMTHotKeyManager.m in Sources */,
				BDB7E357602D59CB5B66365F /* FMTLoginItems.m in Sources */,
				FAAFEC6BCAF534B47BBEFBDA /* FMTUtils.m in Sources */,
				02088BA7C3CC6DBD7EE4B8AC /* AXWindowDriver.m in Sources */,
				024CD59CE08CFF7F56169F06 /* GTMLogger.m in Sources */,
				CA17834FB2885ED7AB716190 /* FMTNSDictionary+Extras.m in Sources */,
				2BDB1A9D0F119B1230259D26 /* FMTNSDate+Extras.m in Sources */,
				342E14277F898B0C783CD102 /* WindowGeometryShiftItAction.m in Sources */,
				626711523F02C4893A8DB591 /* SIScreen.m in Sources */,
				4B92F1EC4D296B46B727FC89 /* SIAdjacentRectangles.m in Sources */,
				C72628E1B7E9AF71E84F2CA8 /* FMTNSArray+Functional.m in Sources */,
				6CB560AB287FE0E205398E80 /* FMTNSError+Extras.m in Sources */,
				975C0C597C170E4578F5DA7B /* FMTGeometry.m in Sources */,
				C1F0975314D8F9047B60A468 /* FMTNSFileManager+DirectoryLocations.m in Sources */,
				0E6F52C3883555CCA7E379DB /* FMTError.m in Sources */,
				18382D4DBDCF838EE60ECD21 /* SRCommon.m in Sources */,
				B71582AAD126E7CBBD057EF6 /* SRKeyCodeTransformer.m in Sources */,
				156A097B01E7851007A2376B /* SRRecorderCell.m in Sources */,
				0485BAEC56AF6085C3666C4E /* SRRecorderControl.m in Sources */,
				9938CF8A7C2F0FB29243AA97 /* SRValidator.m in Sources */,
				E806821A22F38F436220CA2B /* FMTGeometryTests.m in Sources */,
				6FE1D1CDB084BCE663F7BC99 /* SIAdjacentRectanglesTest.m in Sources */,
				BAF633A0130707CEB5424B12 /* ShiftItActionGeometryTests.m in Sources */,
				97955A85FEE1909382C09CAF /* FMTHotKeyTests.m in Sources */,
			);
			runOnlyForDeploymentPostprocessing = 0;
		};
/* End PBXSourcesBuildPhase section */

/* Begin PBXVariantGroup section */
		089C165CFE840E0CC02AAC07 /* InfoPlist.strings */ = {
			isa = PBXVariantGroup;
			children = (
				27632BCC19535FD0000445C5 /* Base */,
			);
			name = InfoPlist.strings;
			sourceTree = "<group>";
		};
		1DDD58140DA1D0A300B32029 /* MainMenu.xib */ = {
			isa = PBXVariantGroup;
			children = (
				27632BCA19535F04000445C5 /* Base */,
				27632BD2195364EB000445C5 /* ja */,
			);
			name = MainMenu.xib;
			sourceTree = "<group>";
		};
		CA0A5410194C02ED00AC7F45 /* PreferencesWindow.xib */ = {
			isa = PBXVariantGroup;
			children = (
				27632BC919535F04000445C5 /* Base */,
				27632BD1195364EB000445C5 /* ja */,
			);
			name = PreferencesWindow.xib;
			sourceTree = "<group>";
		};
		CA0A5413194C030700AC7F45 /* Localizable.strings */ = {
			isa = PBXVariantGroup;
			children = (
				27632BCB19535F87000445C5 /* Base */,
				27632BD3195364EB000445C5 /* ja */,
			);
			name = Localizable.strings;
			sourceTree = "<group>";
		};
/* End PBXVariantGroup section */

/* Begin XCBuildConfiguration section */
		1154DC0ADA85004F23D9ED42 /* Release */ = {
			isa = XCBuildConfiguration;
			buildSettings = {
				CLANG_ENABLE_OBJC_ARC = NO;
				CODE_SIGN_IDENTITY = "-";
				GCC_PRECOMPILE_PREFIX_HEADER = YES;
				GCC_PREFIX_HEADER = ShiftIt_Prefix.pch;
				GENERATE_INFOPLIST_FILE = YES;
				HEADER_SEARCH_PATHS = (
					"$(inherited)",
					"$(SRCROOT)/Vendor",
					"$(SRCROOT)/FMT",
				);
				MACOSX_DEPLOYMENT_TARGET = 12.0;
				PRODUCT_BUNDLE_IDENTIFIER = org.shiftitapp.ShiftItTests;
				PRODUCT_NAME = "$(TARGET_NAME)";
				SDKROOT = macosx;
			};
			name = Release;
		};
		27160C7216C939FF002DA475 /* Debug */ = {
			isa = XCBuildConfiguration;
			buildSettings = {
				ALWAYS_SEARCH_USER_PATHS = NO;
				COMBINE_HIDPI_IMAGES = YES;
				GCC_DYNAMIC_NO_PIC = NO;
				GCC_PRECOMPILE_PREFIX_HEADER = YES;
				GCC_PREFIX_HEADER = ShiftIt_Prefix.pch;
				GCC_PREPROCESSOR_DEFINITIONS_NOT_USED_IN_PRECOMPS = "_DEBUGPRINTS_=1";
				HEADER_SEARCH_PATHS = (
					"$(inherited)",
					"$(SRCROOT)/Vendor",
				);
				INFOPLIST_FILE = "ShiftIt-Info.plist";
				PRODUCT_BUNDLE_IDENTIFIER = org.shiftitapp.ShiftIt;
				PRODUCT_NAME = ShiftIt;
			};
			name = Debug;
		};
		27160C7316C939FF002DA475 /* Release */ = {
			isa = XCBuildConfiguration;
			buildSettings = {
				ALWAYS_SEARCH_USER_PATHS = NO;
				COMBINE_HIDPI_IMAGES = YES;
				GCC_PRECOMPILE_PREFIX_HEADER = YES;
				GCC_PREFIX_HEADER = ShiftIt_Prefix.pch;
				HEADER_SEARCH_PATHS = (
					"$(inherited)",
					"$(SRCROOT)/Vendor",
				);
				INFOPLIST_FILE = "ShiftIt-Info.plist";
				PRODUCT_BUNDLE_IDENTIFIER = org.shiftitapp.ShiftIt;
				PRODUCT_NAME = ShiftIt;
			};
			name = Release;
		};
		434D4802E6FAEABE10256DBD /* Debug */ = {
			isa = XCBuildConfiguration;
			buildSettings = {
				CLANG_ENABLE_OBJC_ARC = NO;
				CODE_SIGN_IDENTITY = "-";
				GCC_PRECOMPILE_PREFIX_HEADER = YES;
				GCC_PREFIX_HEADER = ShiftIt_Prefix.pch;
				GENERATE_INFOPLIST_FILE = YES;
				HEADER_SEARCH_PATHS = (
					"$(inherited)",
					"$(SRCROOT)/Vendor",
					"$(SRCROOT)/FMT",
				);
				MACOSX_DEPLOYMENT_TARGET = 12.0;
				PRODUCT_BUNDLE_IDENTIFIER = org.shiftitapp.ShiftItTests;
				PRODUCT_NAME = "$(TARGET_NAME)";
				SDKROOT = macosx;
			};
			name = Debug;
		};
		C01FCF4B08A954540054247B /* Debug */ = {
			isa = XCBuildConfiguration;
			buildSettings = {
				ALWAYS_SEARCH_USER_PATHS = NO;
				COMBINE_HIDPI_IMAGES = YES;
				GCC_DYNAMIC_NO_PIC = NO;
				GCC_PRECOMPILE_PREFIX_HEADER = YES;
				GCC_PREFIX_HEADER = ShiftIt_Prefix.pch;
				GCC_PREPROCESSOR_DEFINITIONS_NOT_USED_IN_PRECOMPS = "_DEBUGPRINTS_=1";
				HEADER_SEARCH_PATHS = (
					"$(inherited)",
					"$(SRCROOT)/Vendor",
					/opt/X11/include,
					/opt/local/include,
				);
				INFOPLIST_FILE = "ShiftIt-Info.plist";
				OTHER_CFLAGS = (
					"-DDEBUG",
					"-DX11",
					"-ffile-prefix-map=$(SRCROOT)/=",
				);
				PRODUCT_BUNDLE_IDENTIFIER = org.shiftitapp.ShiftIt;
				PRODUCT_NAME = ShiftIt;
			};
			name = Debug;
		};
		C01FCF4C08A954540054247B /* Release */ = {
			isa = XCBuildConfiguration;
			buildSettings = {
				ALWAYS_SEARCH_USER_PATHS = NO;
				COMBINE_HIDPI_IMAGES = YES;
				GCC_PRECOMPILE_PREFIX_HEADER = YES;
				GCC_PREFIX_HEADER = ShiftIt_Prefix.pch;
				HEADER_SEARCH_PATHS = (
					"$(inherited)",
					"$(SRCROOT)/Vendor",
					/opt/X11/include,
					/opt/local/include,
				);
				INFOPLIST_FILE = "ShiftIt-Info.plist";
				OTHER_CFLAGS = (
					"-DNDEBUG",
					"-DX11",
					"-ffile-prefix-map=$(SRCROOT)/=",
				);
				PRODUCT_BUNDLE_IDENTIFIER = org.shiftitapp.ShiftIt;
				PRODUCT_NAME = ShiftIt;
			};
			name = Release;
		};
		C01FCF4F08A954540054247B /* Debug */ = {
			isa = XCBuildConfiguration;
			buildSettings = {
				CLANG_WARN_EMPTY_BODY = YES;
				CLANG_WARN_SUSPICIOUS_IMPLICIT_CONVERSION = YES;
				CODE_SIGN_IDENTITY = "-";
				CODE_SIGN_STYLE = Manual;
				GCC_C_LANGUAGE_STANDARD = "compiler-default";
				GCC_OPTIMIZATION_LEVEL = 0;
				GCC_TREAT_IMPLICIT_FUNCTION_DECLARATIONS_AS_ERRORS = YES;
				GCC_TREAT_INCOMPATIBLE_POINTER_TYPE_WARNINGS_AS_ERRORS = YES;
				GCC_WARN_ABOUT_MISSING_FIELD_INITIALIZERS = YES;
				GCC_WARN_ABOUT_MISSING_PROTOTYPES = YES;
				GCC_WARN_ABOUT_RETURN_TYPE = YES;
				GCC_WARN_HIDDEN_VIRTUAL_FUNCTIONS = YES;
				GCC_WARN_MULTIPLE_DEFINITION_TYPES_FOR_SELECTOR = YES;
				GCC_WARN_SHADOW = YES;
				GCC_WARN_UNDECLARED_SELECTOR = YES;
				GCC_WARN_UNINITIALIZED_AUTOS = YES;
				GCC_WARN_UNKNOWN_PRAGMAS = YES;
				GCC_WARN_UNUSED_FUNCTION = YES;
				GCC_WARN_UNUSED_LABEL = YES;
				GCC_WARN_UNUSED_PARAMETER = NO;
				GCC_WARN_UNUSED_VARIABLE = YES;
				INSTALL_PATH = /Applications;
				MACOSX_DEPLOYMENT_TARGET = 12.0;
				ONLY_ACTIVE_ARCH = YES;
				OTHER_CFLAGS = (
					"-DDEBUG",
					"-ffile-prefix-map=$(SRCROOT)/=",
				);
				OTHER_LDFLAGS = "-ldl";
				SDKROOT = macosx;
				WARNING_CFLAGS = "-Wall";
			};
			name = Debug;
		};
		C01FCF5008A954540054247B /* Release */ = {
			isa = XCBuildConfiguration;
			buildSettings = {
				CLANG_WARN_EMPTY_BODY = YES;
				CLANG_WARN_SUSPICIOUS_IMPLICIT_CONVERSION = YES;
				CODE_SIGN_IDENTITY = "-";
				CODE_SIGN_STYLE = Manual;
				GCC_C_LANGUAGE_STANDARD = "compiler-default";
				GCC_TREAT_IMPLICIT_FUNCTION_DECLARATIONS_AS_ERRORS = YES;
				GCC_TREAT_INCOMPATIBLE_POINTER_TYPE_WARNINGS_AS_ERRORS = YES;
				GCC_WARN_ABOUT_MISSING_FIELD_INITIALIZERS = YES;
				GCC_WARN_ABOUT_MISSING_PROTOTYPES = YES;
				GCC_WARN_ABOUT_RETURN_TYPE = YES;
				GCC_WARN_HIDDEN_VIRTUAL_FUNCTIONS = YES;
				GCC_WARN_MULTIPLE_DEFINITION_TYPES_FOR_SELECTOR = YES;
				GCC_WARN_SHADOW = YES;
				GCC_WARN_UNDECLARED_SELECTOR = YES;
				GCC_WARN_UNINITIALIZED_AUTOS = YES;
				GCC_WARN_UNKNOWN_PRAGMAS = YES;
				GCC_WARN_UNUSED_FUNCTION = YES;
				GCC_WARN_UNUSED_LABEL = YES;
				GCC_WARN_UNUSED_PARAMETER = NO;
				GCC_WARN_UNUSED_VARIABLE = YES;
				INSTALL_PATH = /Applications;
				MACOSX_DEPLOYMENT_TARGET = 12.0;
				ONLY_ACTIVE_ARCH = NO;
				OTHER_CFLAGS = (
					"-DNDEBUG",
					"-ffile-prefix-map=$(SRCROOT)/=",
				);
				OTHER_LDFLAGS = "-ldl";
				SDKROOT = macosx;
				WARNING_CFLAGS = "-Wall";
			};
			name = Release;
		};
/* End XCBuildConfiguration section */

/* Begin XCConfigurationList section */
		0E35C449C44789E855493C5D /* Build configuration list for PBXNativeTarget "ShiftItTests" */ = {
			isa = XCConfigurationList;
			buildConfigurations = (
				1154DC0ADA85004F23D9ED42 /* Release */,
				434D4802E6FAEABE10256DBD /* Debug */,
			);
			defaultConfigurationIsVisible = 0;
			defaultConfigurationName = Release;
		};
		27160C7116C939FF002DA475 /* Build configuration list for PBXNativeTarget "ShiftIt NoX11" */ = {
			isa = XCConfigurationList;
			buildConfigurations = (
				27160C7216C939FF002DA475 /* Debug */,
				27160C7316C939FF002DA475 /* Release */,
			);
			defaultConfigurationIsVisible = 0;
			defaultConfigurationName = Release;
		};
		C01FCF4A08A954540054247B /* Build configuration list for PBXNativeTarget "ShiftIt" */ = {
			isa = XCConfigurationList;
			buildConfigurations = (
				C01FCF4B08A954540054247B /* Debug */,
				C01FCF4C08A954540054247B /* Release */,
			);
			defaultConfigurationIsVisible = 0;
			defaultConfigurationName = Release;
		};
		C01FCF4E08A954540054247B /* Build configuration list for PBXProject "ShiftIt" */ = {
			isa = XCConfigurationList;
			buildConfigurations = (
				C01FCF4F08A954540054247B /* Debug */,
				C01FCF5008A954540054247B /* Release */,
			);
			defaultConfigurationIsVisible = 0;
			defaultConfigurationName = Release;
		};
/* End XCConfigurationList section */
	};
	rootObject = 29B97313FDCFA39411CA2CEA /* Project object */;
}
